// !$*UTF8*$!
{
	archiveVersion = 1;
	classes = {
	};
	objectVersion = 46;
	objects = {

/* Begin PBXBuildFile section */
		28E29F661F2ED803009F3A34 /* main.m in Sources */ = {isa = PBXBuildFile; fileRef = 28E29F651F2ED803009F3A34 /* main.m */; };
		28E29F691F2ED803009F3A34 /* AppDelegate.m in Sources */ = {isa = PBXBuildFile; fileRef = 28E29F681F2ED803009F3A34 /* AppDelegate.m */; };
		28E29F6C1F2ED803009F3A34 /* ViewController.m in Sources */ = {isa = PBXBuildFile; fileRef = 28E29F6B1F2ED803009F3A34 /* ViewController.m */; };
		28E29F6F1F2ED803009F3A34 /* Main.storyboard in Resources */ = {isa = PBXBuildFile; fileRef = 28E29F6D1F2ED803009F3A34 /* Main.storyboard */; };
		28E29F711F2ED803009F3A34 /* Assets.xcassets in Resources */ = {isa = PBXBuildFile; fileRef = 28E29F701F2ED803009F3A34 /* Assets.xcassets */; };
		28E29F741F2ED803009F3A34 /* LaunchScreen.storyboard in Resources */ = {isa = PBXBuildFile; fileRef = 28E29F721F2ED803009F3A34 /* LaunchScreen.storyboard */; };
		A63448AA6E453350396D9C8D /* libPods-HZFoundation.a in Frameworks */ = {isa = PBXBuildFile; fileRef = 361D435CF30F91B4E929593A /* libPods-HZFoundation.a */; };
/* End PBXBuildFile section */

/* Begin PBXFileReference section */
		28E29F611F2ED803009F3A34 /* HZFoundation.app */ = {isa = PBXFileReference; explicitFileType = wrapper.application; includeInIndex = 0; path = HZFoundation.app; sourceTree = BUILT_PRODUCTS_DIR; };
		28E29F651F2ED803009F3A34 /* main.m */ = {isa = PBXFileReference; lastKnownFileType = sourcecode.c.objc; path = main.m; sourceTree = "<group>"; };
		28E29F671F2ED803009F3A34 /* AppDelegate.h */ = {isa = PBXFileReference; lastKnownFileType = sourcecode.c.h; path = AppDelegate.h; sourceTree = "<group>"; };
		28E29F681F2ED803009F3A34 /* AppDelegate.m */ = {isa = PBXFileReference; lastKnownFileType = sourcecode.c.objc; path = AppDelegate.m; sourceTree = "<group>"; };
		28E29F6A1F2ED803009F3A34 /* ViewController.h */ = {isa = PBXFileReference; lastKnownFileType = sourcecode.c.h; path = ViewController.h; sourceTree = "<group>"; };
		28E29F6B1F2ED803009F3A34 /* ViewController.m */ = {isa = PBXFileReference; lastKnownFileType = sourcecode.c.objc; path = ViewController.m; sourceTree = "<group>"; };
		28E29F6E1F2ED803009F3A34 /* Base */ = {isa = PBXFileReference; lastKnownFileType = file.storyboard; name = Base; path = Base.lproj/Main.storyboard; sourceTree = "<group>"; };
		28E29F701F2ED803009F3A34 /* Assets.xcassets */ = {isa = PBXFileReference; lastKnownFileType = folder.assetcatalog; path = Assets.xcassets; sourceTree = "<group>"; };
		28E29F731F2ED803009F3A34 /* Base */ = {isa = PBXFileReference; lastKnownFileType = file.storyboard; name = Base; path = Base.lproj/LaunchScreen.storyboard; sourceTree = "<group>"; };
		28E29F751F2ED803009F3A34 /* Info.plist */ = {isa = PBXFileReference; lastKnownFileType = text.plist.xml; path = Info.plist; sourceTree = "<group>"; };
		361D435CF30F91B4E929593A /* libPods-HZFoundation.a */ = {isa = PBXFileReference; explicitFileType = archive.ar; includeInIndex = 0; path = "libPods-HZFoundation.a"; sourceTree = BUILT_PRODUCTS_DIR; };
		7CB9BD2C360ADEF13B0EF55A /* Pods-HZFoundation.release.xcconfig */ = {isa = PBXFileReference; includeInIndex = 1; lastKnownFileType = text.xcconfig; name = "Pods-HZFoundation.release.xcconfig"; path = "Pods/Target Support Files/Pods-HZFoundation/Pods-HZFoundation.release.xcconfig"; sourceTree = "<group>"; };
		898501759C2EA5FA247FF8B1 /* Pods-HZFoundation.debug.xcconfig */ = {isa = PBXFileReference; includeInIndex = 1; lastKnownFileType = text.xcconfig; name = "Pods-HZFoundation.debug.xcconfig"; path = "Pods/Target Support Files/Pods-HZFoundation/Pods-HZFoundation.debug.xcconfig"; sourceTree = "<group>"; };
/* End PBXFileReference section */

/* Begin PBXFrameworksBuildPhase section */
		28E29F5E1F2ED803009F3A34 /* Frameworks */ = {
			isa = PBXFrameworksBuildPhase;
			buildActionMask = 2147483647;
			files = (
				A63448AA6E453350396D9C8D /* libPods-HZFoundation.a in Frameworks */,
			);
			runOnlyForDeploymentPostprocessing = 0;
		};
/* End PBXFrameworksBuildPhase section */

/* Begin PBXGroup section */
		28E29F581F2ED803009F3A34 = {
			isa = PBXGroup;
			children = (
				28E29F631F2ED803009F3A34 /* HZFoundation */,
				28E29F621F2ED803009F3A34 /* Products */,
				7AC7323B28D621AED017DF26 /* Pods */,
				90623ADAB0C7FAE670C38590 /* Frameworks */,
			);
			sourceTree = "<group>";
		};
		28E29F621F2ED803009F3A34 /* Products */ = {
			isa = PBXGroup;
			children = (
				28E29F611F2ED803009F3A34 /* HZFoundation.app */,
			);
			name = Products;
			sourceTree = "<group>";
		};
		28E29F631F2ED803009F3A34 /* HZFoundation */ = {
			isa = PBXGroup;
			children = (
				28E29F671F2ED803009F3A34 /* AppDelegate.h */,
				28E29F681F2ED803009F3A34 /* AppDelegate.m */,
				28E29F6A1F2ED803009F3A34 /* ViewController.h */,
				28E29F6B1F2ED803009F3A34 /* ViewController.m */,
				28E29F6D1F2ED803009F3A34 /* Main.storyboard */,
				28E29F701F2ED803009F3A34 /* Assets.xcassets */,
				28E29F721F2ED803009F3A34 /* LaunchScreen.storyboard */,
				28E29F751F2ED803009F3A34 /* Info.plist */,
				28E29F641F2ED803009F3A34 /* Supporting Files */,
			);
			path = HZFoundation;
			sourceTree = "<group>";
		};
		28E29F641F2ED803009F3A34 /* Supporting Files */ = {
			isa = PBXGroup;
			children = (
				28E29F651F2ED803009F3A34 /* main.m */,
			);
			name = "Supporting Files";
			sourceTree = "<group>";
		};
		7AC7323B28D621AED017DF26 /* Pods */ = {
			isa = PBXGroup;
			children = (
				898501759C2EA5FA247FF8B1 /* Pods-HZFoundation.debug.xcconfig */,
				7CB9BD2C360ADEF13B0EF55A /* Pods-HZFoundation.release.xcconfig */,
			);
			name = Pods;
			sourceTree = "<group>";
		};
		90623ADAB0C7FAE670C38590 /* Frameworks */ = {
			isa = PBXGroup;
			children = (
				361D435CF30F91B4E929593A /* libPods-HZFoundation.a */,
			);
			name = Frameworks;
			sourceTree = "<group>";
		};
/* End PBXGroup section */

/* Begin PBXNativeTarget section */
		28E29F601F2ED803009F3A34 /* HZFoundation */ = {
			isa = PBXNativeTarget;
			buildConfigurationList = 28E29F781F2ED803009F3A34 /* Build configuration list for PBXNativeTarget "HZFoundation" */;
			buildPhases = (
				B31DE81238A459F53024D5F1 /* [CP] Check Pods Manifest.lock */,
				28E29F5D1F2ED803009F3A34 /* Sources */,
				28E29F5E1F2ED803009F3A34 /* Frameworks */,
				28E29F5F1F2ED803009F3A34 /* Resources */,
				54D61DC45AA53CA4B99DDB83 /* [CP] Embed Pods Frameworks */,
				E373EE0337EE771EC0E19B02 /* [CP] Copy Pods Resources */,
			);
			buildRules = (
			);
			dependencies = (
			);
			name = HZFoundation;
			productName = HZFoundation;
			productReference = 28E29F611F2ED803009F3A34 /* HZFoundation.app */;
			productType = "com.apple.product-type.application";
		};
/* End PBXNativeTarget section */

/* Begin PBXProject section */
		28E29F591F2ED803009F3A34 /* Project object */ = {
			isa = PBXProject;
			attributes = {
				LastUpgradeCheck = 0830;
				ORGANIZATIONNAME = GeniusBrother;
				TargetAttributes = {
					28E29F601F2ED803009F3A34 = {
						CreatedOnToolsVersion = 8.3.3;
						DevelopmentTeam = HDQ5J8KWBR;
						ProvisioningStyle = Automatic;
					};
				};
			};
			buildConfigurationList = 28E29F5C1F2ED803009F3A34 /* Build configuration list for PBXProject "HZFoundation" */;
			compatibilityVersion = "Xcode 3.2";
			developmentRegion = English;
			hasScannedForEncodings = 0;
			knownRegions = (
				en,
				Base,
			);
			mainGroup = 28E29F581F2ED803009F3A34;
			productRefGroup = 28E29F621F2ED803009F3A34 /* Products */;
			projectDirPath = "";
			projectRoot = "";
			targets = (
				28E29F601F2ED803009F3A34 /* HZFoundation */,
			);
		};
/* End PBXProject section */

/* Begin PBXResourcesBuildPhase section */
		28E29F5F1F2ED803009F3A34 /* Resources */ = {
			isa = PBXResourcesBuildPhase;
			buildActionMask = 2147483647;
			files = (
				28E29F741F2ED803009F3A34 /* LaunchScreen.storyboard in Resources */,
				28E29F711F2ED803009F3A34 /* Assets.xcassets in Resources */,
				28E29F6F1F2ED803009F3A34 /* Main.storyboard in Resources */,
			);
			runOnlyForDeploymentPostprocessing = 0;
		};
/* End PBXResourcesBuildPhase section */

/* Begin PBXShellScriptBuildPhase section */
		54D61DC45AA53CA4B99DDB83 /* [CP] Embed Pods Frameworks */ = {
			isa = PBXShellScriptBuildPhase;
			buildActionMask = 2147483647;
			files = (
			);
			inputPaths = (
			);
			name = "[CP] Embed Pods Frameworks";
			outputPaths = (
			);
			runOnlyForDeploymentPostprocessing = 0;
			shellPath = /bin/sh;
			shellScript = "\"${SRCROOT}/Pods/Target Support Files/Pods-HZFoundation/Pods-HZFoundation-frameworks.sh\"\n";
			showEnvVarsInLog = 0;
		};
		B31DE81238A459F53024D5F1 /* [CP] Check Pods Manifest.lock */ = {
			isa = PBXShellScriptBuildPhase;
			buildActionMask = 2147483647;
			files = (
			);
			inputPaths = (
				"${PODS_PODFILE_DIR_PATH}/Podfile.lock",
				"${PODS_ROOT}/Manifest.lock",
			);
			name = "[CP] Check Pods Manifest.lock";
			outputPaths = (
				"$(DERIVED_FILE_DIR)/Pods-HZFoundation-checkManifestLockResult.txt",
			);
			runOnlyForDeploymentPostprocessing = 0;
			shellPath = /bin/sh;
			shellScript = "diff \"${PODS_PODFILE_DIR_PATH}/Podfile.lock\" \"${PODS_ROOT}/Manifest.lock\" > /dev/null\nif [ $? != 0 ] ; then\n    # print error to STDERR\n    echo \"error: The sandbox is not in sync with the Podfile.lock. Run 'pod install' or update your CocoaPods installation.\" >&2\n    exit 1\nfi\n# This output is used by Xcode 'outputs' to avoid re-running this script phase.\necho \"SUCCESS\" > \"${SCRIPT_OUTPUT_FILE_0}\"\n";
			showEnvVarsInLog = 0;
		};
		E373EE0337EE771EC0E19B02 /* [CP] Copy Pods Resources */ = {
			isa = PBXShellScriptBuildPhase;
			buildActionMask = 2147483647;
			files = (
			);
			inputPaths = (
			);
			name = "[CP] Copy Pods Resources";
			outputPaths = (
			);
			runOnlyForDeploymentPostprocessing = 0;
			shellPath = /bin/sh;
			shellScript = "\"${SRCROOT}/Pods/Target Support Files/Pods-HZFoundation/Pods-HZFoundation-resources.sh\"\n";
			showEnvVarsInLog = 0;
		};
/* End PBXShellScriptBuildPhase section */

/* Begin PBXSourcesBuildPhase section */
		28E29F5D1F2ED803009F3A34 /* Sources */ = {
			isa = PBXSourcesBuildPhase;
			buildActionMask = 2147483647;
			files = (
				28E29F6C1F2ED803009F3A34 /* ViewController.m in Sources */,
				28E29F691F2ED803009F3A34 /* AppDelegate.m in Sources */,
				28E29F661F2ED803009F3A34 /* main.m in Sources */,
			);
			runOnlyForDeploymentPostprocessing = 0;
		};
/* End PBXSourcesBuildPhase section */

/* Begin PBXVariantGroup section */
		28E29F6D1F2ED803009F3A34 /* Main.storyboard */ = {
			isa = PBXVariantGroup;
			children = (
				28E29F6E1F2ED803009F3A34 /* Base */,
			);
			name = Main.storyboard;
			sourceTree = "<group>";
		};
		28E29F721F2ED803009F3A34 /* LaunchScreen.storyboard */ = {
			isa = PBXVariantGroup;
			children = (
				28E29F731F2ED803009F3A34 /* Base */,
			);
			name = LaunchScreen.storyboard;
			sourceTree = "<group>";
		};
/* End PBXVariantGroup section */

/* Begin XCBuildConfiguration section */
		28E29F761F2ED803009F3A34 /* Debug */ = {
			isa = XCBuildConfiguration;
			buildSettings = {
				ALWAYS_SEARCH_USER_PATHS = NO;
				CLANG_ANALYZER_NONNULL = YES;
				CLANG_ANALYZER_NUMBER_OBJECT_CONVERSION = YES_AGGRESSIVE;
				CLANG_CXX_LANGUAGE_STANDARD = "gnu++0x";
				CLANG_CXX_LIBRARY = "libc++";
				CLANG_ENABLE_MODULES = YES;
				CLANG_ENABLE_OBJC_ARC = YES;
				CLANG_WARN_BOOL_CONVERSION = YES;
				CLANG_WARN_CONSTANT_CONVERSION = YES;
				CLANG_WARN_DIRECT_OBJC_ISA_USAGE = YES_ERROR;
				CLANG_WARN_DOCUMENTATION_COMMENTS = YES;
				CLANG_WARN_EMPTY_BODY = YES;
				CLANG_WARN_ENUM_CONVERSION = YES;
				CLANG_WARN_INFINITE_RECURSION = YES;
				CLANG_WARN_INT_CONVERSION = YES;
				CLANG_WARN_OBJC_ROOT_CLASS = YES_ERROR;
				CLANG_WARN_SUSPICIOUS_MOVE = YES;
				CLANG_WARN_UNREACHABLE_CODE = YES;
				CLANG_WARN__DUPLICATE_METHOD_MATCH = YES;
				"CODE_SIGN_IDENTITY[sdk=iphoneos*]" = "iPhone Developer";
				COPY_PHASE_STRIP = NO;
				DEBUG_INFORMATION_FORMAT = dwarf;
				ENABLE_STRICT_OBJC_MSGSEND = YES;
				ENABLE_TESTABILITY = YES;
				GCC_C_LANGUAGE_STANDARD = gnu99;
				GCC_DYNAMIC_NO_PIC = NO;
				GCC_NO_COMMON_BLOCKS = YES;
				GCC_OPTIMIZATION_LEVEL = 0;
				GCC_PREPROCESSOR_DEFINITIONS = (
					"DEBUG=1",
					"$(inherited)",
				);
				GCC_WARN_64_TO_32_BIT_CONVERSION = YES;
				GCC_WARN_ABOUT_RETURN_TYPE = YES_ERROR;
				GCC_WARN_UNDECLARED_SELECTOR = YES;
				GCC_WARN_UNINITIALIZED_AUTOS = YES_AGGRESSIVE;
				GCC_WARN_UNUSED_FUNCTION = YES;
				GCC_WARN_UNUSED_VARIABLE = YES;
				IPHONEOS_DEPLOYMENT_TARGET = 10.3;
				MTL_ENABLE_DEBUG_INFO = YES;
				ONLY_ACTIVE_ARCH = YES;
				SDKROOT = iphoneos;
			};
			name = Debug;
		};
		28E29F771F2ED803009F3A34 /* Release */ = {
			isa = XCBuildConfiguration;
			buildSettings = {
				ALWAYS_SEARCH_USER_PATHS = NO;
				CLANG_ANALYZER_NONNULL = YES;
				CLANG_ANALYZER_NUMBER_OBJECT_CONVERSION = YES_AGGRESSIVE;
				CLANG_CXX_LANGUAGE_STANDARD = "gnu++0x";
				CLANG_CXX_LIBRARY = "libc++";
				CLANG_ENABLE_MODULES = YES;
				CLANG_ENABLE_OBJC_ARC = YES;
				CLANG_WARN_BOOL_CONVERSION = YES;
				CLANG_WARN_CONSTANT_CONVERSION = YES;
				CLANG_WARN_DIRECT_OBJC_ISA_USAGE = YES_ERROR;
				CLANG_WARN_DOCUMENTATION_COMMENTS = YES;
				CLANG_WARN_EMPTY_BODY = YES;
				CLANG_WARN_ENUM_CONVERSION = YES;
				CLANG_WARN_INFINITE_RECURSION = YES;
				CLANG_WARN_INT_CONVERSION = YES;
				CLANG_WARN_OBJC_ROOT_CLASS = YES_ERROR;
				CLANG_WARN_SUSPICIOUS_MOVE = YES;
				CLANG_WARN_UNREACHABLE_CODE = YES;
				CLANG_WARN__DUPLICATE_METHOD_MATCH = YES;
				"CODE_SIGN_IDENTITY[sdk=iphoneos*]" = "iPhone Developer";
				COPY_PHASE_STRIP = NO;
				DEBUG_INFORMATION_FORMAT = "dwarf-with-dsym";
				ENABLE_NS_ASSERTIONS = NO;
				ENABLE_STRICT_OBJC_MSGSEND = YES;
				GCC_C_LANGUAGE_STANDARD = gnu99;
				GCC_NO_COMMON_BLOCKS = YES;
				GCC_WARN_64_TO_32_BIT_CONVERSION = YES;
				GCC_WARN_ABOUT_RETURN_TYPE = YES_ERROR;
				GCC_WARN_UNDECLARED_SELECTOR = YES;
				GCC_WARN_UNINITIALIZED_AUTOS = YES_AGGRESSIVE;
				GCC_WARN_UNUSED_FUNCTION = YES;
				GCC_WARN_UNUSED_VARIABLE = YES;
				IPHONEOS_DEPLOYMENT_TARGET = 10.3;
				MTL_ENABLE_DEBUG_INFO = NO;
				SDKROOT = iphoneos;
				VALIDATE_PRODUCT = YES;
			};
			name = Release;
		};
		28E29F791F2ED803009F3A34 /* Debug */ = {
			isa = XCBuildConfiguration;
			baseConfigurationReference = 898501759C2EA5FA247FF8B1 /* Pods-HZFoundation.debug.xcconfig */;
			buildSettings = {
				ASSETCATALOG_COMPILER_APPICON_NAME = AppIcon;
				DEVELOPMENT_TEAM = HDQ5J8KWBR;
				INFOPLIST_FILE = HZFoundation/Info.plist;
				IPHONEOS_DEPLOYMENT_TARGET = 8.0;
				LD_RUNPATH_SEARCH_PATHS = "$(inherited) @executable_path/Frameworks";
				PRODUCT_BUNDLE_IDENTIFIER = com.hz.HZFoundation;
				PRODUCT_NAME = "$(TARGET_NAME)";
			};
			name = Debug;
		};
		28E29F7A1F2ED803009F3A34 /* Release */ = {
			isa = XCBuildConfiguration;
			baseConfigurationReference = 7CB9BD2C360ADEF13B0EF55A /* Pods-HZFoundation.release.xcconfig */;
			buildSettings = {
				ASSETCATALOG_COMPILER_APPICON_NAME = AppIcon;
				DEVELOPMENT_TEAM = HDQ5J8KWBR;
				INFOPLIST_FILE = HZFoundation/Info.plist;
				IPHONEOS_DEPLOYMENT_TARGET = 8.0;
				LD_RUNPATH_SEARCH_PATHS = "$(inherited) @executable_path/Frameworks";
				PRODUCT_BUNDLE_IDENTIFIER = com.hz.HZFoundation;
				PRODUCT_NAME = "$(TARGET_NAME)";
			};
			name = Release;
		};
/* End XCBuildConfiguration section */

/* Begin XCConfigurationList section */
		28E29F5C1F2ED803009F3A34 /* Build configuration list for PBXProject "HZFoundation" */ = {
			isa = XCConfigurationList;
			buildConfigurations = (
				28E29F761F2ED803009F3A34 /* Debug */,
				28E29F771F2ED803009F3A34 /* Release */,
			);
			defaultConfigurationIsVisible = 0;
			defaultConfigurationName = Release;
		};
		28E29F781F2ED803009F3A34 /* Build configuration list for PBXNativeTarget "HZFoundation" */ = {
			isa = XCConfigurationList;
			buildConfigurations = (
				28E29F791F2ED803009F3A34 /* Debug */,
				28E29F7A1F2ED803009F3A34 /* Release */,
			);
			defaultConfigurationIsVisible = 0;
			defaultConfigurationName = Release;
		};
/* End XCConfigurationList section */
	};
	rootObject = 28E29F591F2ED803009F3A34 /* Project object */;
}
